{
    "hash": "31af0be0fc8718d0a801bdba7c5b1170",
    "packages": [
        {
            "package": "doctrine/common",
            "version": "2.2.1"
        },
        {
            "package": "doctrine/dbal",
            "version": "2.2.1"
        },
        {
            "package": "doctrine/orm",
            "version": "2.2.1"
        }
    ],
    "aliases": []
}
