{
    "hash": "610cc09e6dd3cb46b987795609098d64",
    "packages": [
        {
            "package": "doctrine/common",
            "version": "2.2.1"
        },
        {
            "package": "doctrine/dbal",
            "version": "2.2.1"
        },
        {
            "package": "doctrine/orm",
            "version": "2.2.1"
        }
    ],
    "aliases": []
}
